
Microsoft Visual Studio Solution File, Format Version 12.00
# Visual Studio Version 16
VisualStudioVersion = 16.0.30907.101
MinimumVisualStudioVersion = 10.0.40219.1
Project("{FAE04EC0-301F-11D3-BF4B-00C04F79EFBC}") = "Day3WebAPI", "Day3WebAPI\Day3WebAPI.csproj", "{EC414B1D-8D3C-4F35-9414-67B45AABB2C2}"
EndProject
Global
	GlobalSection(SolutionConfigurationPlatforms) = preSolution
		Debug|Any CPU = Debug|Any CPU
		Release|Any CPU = Release|Any CPU
	EndGlobalSection
	GlobalSection(ProjectConfigurationPlatforms) = postSolution
		{EC414B1D-8D3C-4F35-9414-67B45AABB2C2}.Debug|Any CPU.ActiveCfg = Debug|Any CPU
		{EC414B1D-8D3C-4F35-9414-67B45AABB2C2}.Debug|Any CPU.Build.0 = Debug|Any CPU
		{EC414B1D-8D3C-4F35-9414-67B45AABB2C2}.Release|Any CPU.ActiveCfg = Release|Any CPU
		{EC414B1D-8D3C-4F35-9414-67B45AABB2C2}.Release|Any CPU.Build.0 = Release|Any CPU
	EndGlobalSection
	GlobalSection(SolutionProperties) = preSolution
		HideSolutionNode = FALSE
	EndGlobalSection
	GlobalSection(ExtensibilityGlobals) = postSolution
		SolutionGuid = {2F2E3C4A-3982-49F1-9A61-389BE1CCB6D2}
	EndGlobalSection
EndGlobal
